
Microsoft Visual Studio Solution File, Format Version 12.00
# Visual Studio Version 16
VisualStudioVersion = 16.0.31613.86
MinimumVisualStudioVersion = 10.0.40219.1
Project("{FAE04EC0-301F-11D3-BF4B-00C04F79EFBC}") = "EntityFrameworkCore-Tutorial", "EntityFrameworkCore-Tutorial\EntityFrameworkCore-Tutorial.csproj", "{7276CB65-D4AE-40CE-B883-6168DA29B40D}"
EndProject
Global
	GlobalSection(SolutionConfigurationPlatforms) = preSolution
		Debug|Any CPU = Debug|Any CPU
		Release|Any CPU = Release|Any CPU
	EndGlobalSection
	GlobalSection(ProjectConfigurationPlatforms) = postSolution
		{7276CB65-D4AE-40CE-B883-6168DA29B40D}.Debug|Any CPU.ActiveCfg = Debug|Any CPU
		{7276CB65-D4AE-40CE-B883-6168DA29B40D}.Debug|Any CPU.Build.0 = Debug|Any CPU
		{7276CB65-D4AE-40CE-B883-6168DA29B40D}.Release|Any CPU.ActiveCfg = Release|Any CPU
		{7276CB65-D4AE-40CE-B883-6168DA29B40D}.Release|Any CPU.Build.0 = Release|Any CPU
	EndGlobalSection
	GlobalSection(SolutionProperties) = preSolution
		HideSolutionNode = FALSE
	EndGlobalSection
	GlobalSection(ExtensibilityGlobals) = postSolution
		SolutionGuid = {E235B699-4A10-427C-98FE-FEFA9398ABD9}
	EndGlobalSection
EndGlobal
